{
  "version": 4,
  "terraform_version": "1.4.2",
  "serial": 26,
  "lineage": "e519594d-07c9-070f-3753-228833be0ec3",
  "outputs": {},
  "resources": [
    {
      "mode": "managed",
      "type": "local_file",
      "name": "test01",
      "provider": "provider[\"registry.terraform.io/hashicorp/local\"]",
      "instances": [
        {
          "schema_version": 0,
          "attributes": {
            "content": null,
            "content_base64": "10100101",
            "content_base64sha256": "QUuvEetwInN2ZlUoeRGCymAh4Uh3aztcz/otnMwEJfM=",
            "content_base64sha512": "FiSxEoX8zCrydbSHMQTxX98eyaC2kaw/xIogwiyAHkOjB/rKP1rsl6J7kZLdf2lEru70oAZfYYAiA+fn2Fu2Qw==",
            "content_md5": "56aca3e045eb94a6ff0cd0a7a8d77018",
            "content_sha1": "720273a5feb8886a98fabf97cd65e16f3d9a1620",
            "content_sha256": "414baf11eb70227376665528791182ca6021e148776b3b5ccffa2d9ccc0425f3",
            "content_sha512": "1624b11285fccc2af275b4873104f15fdf1ec9a0b691ac3fc48a20c22c801e43a307faca3f5aec97a27b9192dd7f6944aeeef4a0065f61802203e7e7d85bb643",
            "directory_permission": "0777",
            "file_permission": "0777",
            "filename": "test.py",
            "id": "720273a5feb8886a98fabf97cd65e16f3d9a1620",
            "sensitive_content": null,
            "source": null
          },
          "sensitive_attributes": []
        }
      ]
    },
    {
      "mode": "managed",
      "type": "local_file",
      "name": "test02",
      "provider": "provider[\"registry.terraform.io/hashicorp/local\"]",
      "instances": [
        {
          "schema_version": 0,
          "attributes": {
            "content": "Hello HTML",
            "content_base64": null,
            "content_base64sha256": "eFN07P2k8cOmZfR75TftkX4xh9floQmPlV3ZtqNvsNU=",
            "content_base64sha512": "IeOXgHWhrWtNqQvbQSBqC8c8oWFWk442qnGSbtnb1/K8ZmOZFQ8vRY3x+FPIN+hPD6bOAmFA0qOyhAfLpzAqtA==",
            "content_md5": "b948960767ef5e2c1a7fe1f1fb97d6ae",
            "content_sha1": "38e095899e12980745232f7362b7ff4e3ac011dc",
            "content_sha256": "785374ecfda4f1c3a665f47be537ed917e3187d7e5a1098f955dd9b6a36fb0d5",
            "content_sha512": "21e3978075a1ad6b4da90bdb41206a0bc73ca16156938e36aa71926ed9dbd7f2bc666399150f2f458df1f853c837e84f0fa6ce026140d2a3b28407cba7302ab4",
            "directory_permission": "0777",
            "file_permission": "0777",
            "filename": "test.html",
            "id": "38e095899e12980745232f7362b7ff4e3ac011dc",
            "sensitive_content": null,
            "source": null
          },
          "sensitive_attributes": []
        }
      ]
    },
    {
      "mode": "managed",
      "type": "local_file",
      "name": "test03",
      "provider": "provider[\"registry.terraform.io/hashicorp/local\"]",
      "instances": [
        {
          "schema_version": 0,
          "attributes": {
            "content": "Hello NASA",
            "content_base64": null,
            "content_base64sha256": "6SRtIxC4JwQlL8ZrENfr6B0vjpniyQFhxJcHaKs+HAQ=",
            "content_base64sha512": "10nRThb47hdcpOTXI7eE7P5EoDzwfSavs3IPdVUUQqxReKK2EgWKFvN0DXjr4IIiuVxRilFa9LpzCcMPKV0Epw==",
            "content_md5": "bed4b385e97467e02dd0b5d270c02ecb",
            "content_sha1": "0ba96b53d1cea5a51d2c9fdfcdde3351c8023d3f",
            "content_sha256": "e9246d2310b82704252fc66b10d7ebe81d2f8e99e2c90161c4970768ab3e1c04",
            "content_sha512": "d749d14e16f8ee175ca4e4d723b784ecfe44a03cf07d26afb3720f75551442ac5178a2b612058a16f3740d78ebe08222b95c518a515af4ba7309c30f295d04a7",
            "directory_permission": "0777",
            "file_permission": "0777",
            "filename": "test.c",
            "id": "0ba96b53d1cea5a51d2c9fdfcdde3351c8023d3f",
            "sensitive_content": null,
            "source": null
          },
          "sensitive_attributes": []
        }
      ]
    },
    {
      "mode": "managed",
      "type": "local_file",
      "name": "test04",
      "provider": "provider[\"registry.terraform.io/hashicorp/local\"]",
      "instances": [
        {
          "schema_version": 0,
          "attributes": {
            "content": "Hello universe",
            "content_base64": null,
            "content_base64sha256": "oS4/8M4sQzNxKYK0XggW3sO/4f0xvBgKduk3oFUT3NI=",
            "content_base64sha512": "aEd3cz9BA2/7uSJn0aOx7KKRuHYpCwBN8JRlNCuQ3y9/UCLAcUE407fbW5lcA6dJKiwTUeuzNV1eB+tOvjqytA==",
            "content_md5": "aa6630afcd4e3f1825ad1c7fca541439",
            "content_sha1": "9fb64eb97c762e0cc31902b8d367e4009e822ca3",
            "content_sha256": "a12e3ff0ce2c4333712982b45e0816dec3bfe1fd31bc180a76e937a05513dcd2",
            "content_sha512": "684777733f41036ffbb92267d1a3b1eca291b876290b004df09465342b90df2f7f5022c0714138d3b7db5b995c03a7492a2c1351ebb3355d5e07eb4ebe3ab2b4",
            "directory_permission": "0777",
            "file_permission": "0777",
            "filename": "test.jar",
            "id": "9fb64eb97c762e0cc31902b8d367e4009e822ca3",
            "sensitive_content": null,
            "source": null
          },
          "sensitive_attributes": []
        }
      ]
    }
  ],
  "check_results": null
}
